
Microsoft Visual Studio Solution File, Format Version 12.00
# Visual Studio 15
VisualStudioVersion = 15.0.27004.2005
MinimumVisualStudioVersion = 10.0.40219.1
Project("{9A19103F-16F7-4668-BE54-9A1E7A4F7556}") = "BankTranfertLibrary", "BankTranfertLibrary\BankTranfertLibrary.csproj", "{171CE9AE-181A-42C7-8E1A-D9CE9A47E78E}"
EndProject
Project("{9A19103F-16F7-4668-BE54-9A1E7A4F7556}") = "BankTransfertLibraryTest", "BankTransfertLibraryTest\BankTransfertLibraryTest.csproj", "{DE1217B8-6155-4504-BB10-B666141D8E46}"
EndProject
Project("{FAE04EC0-301F-11D3-BF4B-00C04F79EFBC}") = "BankTransfertLibrarySolid", "BankTransfertLibrarySolid\BankTransfertLibrarySolid.csproj", "{BB998332-8125-48A4-B474-EE77D76AEC59}"
EndProject
Project("{2150E333-8FDC-42A3-9474-1A3956D46DE8}") = "Solution Items", "Solution Items", "{75E29720-4939-4409-9425-14D6BEFFC4CB}"
	ProjectSection(SolutionItems) = preProject
		.travis.yml = .travis.yml
	EndProjectSection
EndProject
Global
	GlobalSection(SolutionConfigurationPlatforms) = preSolution
		Debug|Any CPU = Debug|Any CPU
		Release|Any CPU = Release|Any CPU
	EndGlobalSection
	GlobalSection(ProjectConfigurationPlatforms) = postSolution
		{171CE9AE-181A-42C7-8E1A-D9CE9A47E78E}.Debug|Any CPU.ActiveCfg = Debug|Any CPU
		{171CE9AE-181A-42C7-8E1A-D9CE9A47E78E}.Debug|Any CPU.Build.0 = Debug|Any CPU
		{171CE9AE-181A-42C7-8E1A-D9CE9A47E78E}.Release|Any CPU.ActiveCfg = Release|Any CPU
		{171CE9AE-181A-42C7-8E1A-D9CE9A47E78E}.Release|Any CPU.Build.0 = Release|Any CPU
		{DE1217B8-6155-4504-BB10-B666141D8E46}.Debug|Any CPU.ActiveCfg = Debug|Any CPU
		{DE1217B8-6155-4504-BB10-B666141D8E46}.Debug|Any CPU.Build.0 = Debug|Any CPU
		{DE1217B8-6155-4504-BB10-B666141D8E46}.Release|Any CPU.ActiveCfg = Release|Any CPU
		{DE1217B8-6155-4504-BB10-B666141D8E46}.Release|Any CPU.Build.0 = Release|Any CPU
		{BB998332-8125-48A4-B474-EE77D76AEC59}.Debug|Any CPU.ActiveCfg = Debug|Any CPU
		{BB998332-8125-48A4-B474-EE77D76AEC59}.Debug|Any CPU.Build.0 = Debug|Any CPU
		{BB998332-8125-48A4-B474-EE77D76AEC59}.Release|Any CPU.ActiveCfg = Release|Any CPU
		{BB998332-8125-48A4-B474-EE77D76AEC59}.Release|Any CPU.Build.0 = Release|Any CPU
	EndGlobalSection
	GlobalSection(SolutionProperties) = preSolution
		HideSolutionNode = FALSE
	EndGlobalSection
	GlobalSection(ExtensibilityGlobals) = postSolution
		SolutionGuid = {D47B3A7C-8505-47ED-9562-65E9F74390EF}
	EndGlobalSection
EndGlobal
